{
    "name": "ng2-dynamic-dialog",
    "version": "2.1.0",
    "lockfileVersion": 1,
    "requires": true,
    "dependencies": {
        "@angular/common": {
            "version": "4.4.6",
            "resolved": "https://registry.npmjs.org/@angular/common/-/common-4.4.6.tgz",
            "integrity": "sha1-S4FCByTggooOg5uVpV6xp+g5GPI=",
            "requires": {
                "tslib": "1.9.0"
            }
        },
        "@angular/compiler": {
            "version": "4.4.6",
            "resolved": "https://registry.npmjs.org/@angular/compiler/-/compiler-4.4.6.tgz",
            "integrity": "sha1-LuH68lt1fh0SiXkHS+f65SmzvCA=",
            "requires": {
                "tslib": "1.9.0"
            }
        },
        "@angular/core": {
            "version": "4.4.6",
            "resolved": "https://registry.npmjs.org/@angular/core/-/core-4.4.6.tgz",
            "integrity": "sha1-EwMf0Q3P5DiHVBmzjyESCVi8I1Q=",
            "requires": {
                "tslib": "1.9.0"
            }
        },
        "@angular/platform-browser": {
            "version": "4.4.6",
            "resolved": "https://registry.npmjs.org/@angular/platform-browser/-/platform-browser-4.4.6.tgz",
            "integrity": "sha1-qYOcVH4bZU+h0kqJeAyLpquNzOA=",
            "requires": {
                "tslib": "1.9.0"
            }
        },
        "@types/core-js": {
            "version": "0.9.46",
            "resolved": "https://registry.npmjs.org/@types/core-js/-/core-js-0.9.46.tgz",
            "integrity": "sha512-LooLR6XHes9V+kNYRz1Qm8w3atw9QMn7XeZUmIpUelllF9BdryeUKd/u0Wh5ErcjpWfG39NrToU9MF7ngsTFVw==",
            "dev": true
        },
        "@types/jasmine": {
            "version": "2.8.6",
            "resolved": "https://registry.npmjs.org/@types/jasmine/-/jasmine-2.8.6.tgz",
            "integrity": "sha512-clg9raJTY0EOo5pVZKX3ZlMjlYzVU73L71q5OV1jhE2Uezb7oF94jh4CvwrW6wInquQAdhOxJz5VDF2TLUGmmA==",
            "dev": true
        },
        "@types/node": {
            "version": "8.5.9",
            "resolved": "https://registry.npmjs.org/@types/node/-/node-8.5.9.tgz",
            "integrity": "sha512-s+c3AjymyAccTI4hcgNFK4mToH8l+hyPDhu4LIkn71lRy56FLijGu00fyLgldjM/846Pmk9N4KFUs2P8GDs0pA==",
            "dev": true
        },
        "ansi-regex": {
            "version": "0.2.1",
            "resolved": "https://registry.npmjs.org/ansi-regex/-/ansi-regex-0.2.1.tgz",
            "integrity": "sha1-DY6UaWej2BQ/k+JOKYUl/BsiNfk=",
            "dev": true
        },
        "ansi-styles": {
            "version": "1.1.0",
            "resolved": "https://registry.npmjs.org/ansi-styles/-/ansi-styles-1.1.0.tgz",
            "integrity": "sha1-6uy/Zs1waIJ2Cy9GkVgrj1XXp94=",
            "dev": true
        },
        "balanced-match": {
            "version": "1.0.0",
            "resolved": "https://registry.npmjs.org/balanced-match/-/balanced-match-1.0.0.tgz",
            "integrity": "sha1-ibTRmasr7kneFk6gK4nORi1xt2c=",
            "dev": true
        },
        "bluebird": {
            "version": "2.9.6",
            "resolved": "https://registry.npmjs.org/bluebird/-/bluebird-2.9.6.tgz",
            "integrity": "sha1-H8OmsWhSZ9wSG17ImzLOBp2Bq30=",
            "dev": true
        },
        "brace-expansion": {
            "version": "1.1.8",
            "resolved": "https://registry.npmjs.org/brace-expansion/-/brace-expansion-1.1.8.tgz",
            "integrity": "sha1-wHshHHyVLsH479Uad+8NHTmQopI=",
            "dev": true,
            "requires": {
                "balanced-match": "1.0.0",
                "concat-map": "0.0.1"
            }
        },
        "chalk": {
            "version": "0.5.1",
            "resolved": "https://registry.npmjs.org/chalk/-/chalk-0.5.1.tgz",
            "integrity": "sha1-Zjs6ZItotV0EaQ1JFnqoN4WPIXQ=",
            "dev": true,
            "requires": {
                "ansi-styles": "1.1.0",
                "escape-string-regexp": "1.0.5",
                "has-ansi": "0.1.0",
                "strip-ansi": "0.3.0",
                "supports-color": "0.2.0"
            }
        },
        "codelyzer": {
            "version": "0.0.28",
            "resolved": "https://registry.npmjs.org/codelyzer/-/codelyzer-0.0.28.tgz",
            "integrity": "sha1-KU0xIk+Z9SaKteQLfnEGDduUL6M=",
            "dev": true,
            "requires": {
                "sprintf-js": "1.1.1"
            }
        },
        "colors": {
            "version": "1.1.2",
            "resolved": "https://registry.npmjs.org/colors/-/colors-1.1.2.tgz",
            "integrity": "sha1-FopHAXVran9RoSzgyXv6KMCE7WM=",
            "dev": true
        },
        "commander": {
            "version": "2.6.0",
            "resolved": "https://registry.npmjs.org/commander/-/commander-2.6.0.tgz",
            "integrity": "sha1-nfflL7Kgyw+4kFjugMMQQiXzfh0=",
            "dev": true
        },
        "concat-map": {
            "version": "0.0.1",
            "resolved": "https://registry.npmjs.org/concat-map/-/concat-map-0.0.1.tgz",
            "integrity": "sha1-2Klr13/Wjfd5OnMDajug1UBdR3s=",
            "dev": true
        },
        "concurrently": {
            "version": "2.2.0",
            "resolved": "https://registry.npmjs.org/concurrently/-/concurrently-2.2.0.tgz",
            "integrity": "sha1-utJI4LsSn7FiF2iQOmMR1F1WiVo=",
            "dev": true,
            "requires": {
                "bluebird": "2.9.6",
                "chalk": "0.5.1",
                "commander": "2.6.0",
                "cross-spawn": "0.2.9",
                "lodash": "4.17.4",
                "moment": "2.20.1",
                "rx": "2.3.24"
            }
        },
        "core-js": {
            "version": "2.5.3",
            "resolved": "https://registry.npmjs.org/core-js/-/core-js-2.5.3.tgz",
            "integrity": "sha1-isw4NFgk8W2DZbfJtCWRaOjtYD4="
        },
        "cross-spawn": {
            "version": "0.2.9",
            "resolved": "https://registry.npmjs.org/cross-spawn/-/cross-spawn-0.2.9.tgz",
            "integrity": "sha1-vWf5bAfvtjA7f+lMHpefiEeOCjk=",
            "dev": true,
            "requires": {
                "lru-cache": "2.7.3"
            }
        },
        "diff": {
            "version": "2.2.3",
            "resolved": "https://registry.npmjs.org/diff/-/diff-2.2.3.tgz",
            "integrity": "sha1-YOr9DSjukG5Oj/ClLBIpUhAzv5k=",
            "dev": true
        },
        "escape-string-regexp": {
            "version": "1.0.5",
            "resolved": "https://registry.npmjs.org/escape-string-regexp/-/escape-string-regexp-1.0.5.tgz",
            "integrity": "sha1-G2HAViGQqN/2rjuyzwIAyhMLhtQ=",
            "dev": true
        },
        "findup-sync": {
            "version": "0.3.0",
            "resolved": "https://registry.npmjs.org/findup-sync/-/findup-sync-0.3.0.tgz",
            "integrity": "sha1-N5MKpdgWt3fANEXhlmzGeQpMCxY=",
            "dev": true,
            "requires": {
                "glob": "5.0.15"
            },
            "dependencies": {
                "glob": {
                    "version": "5.0.15",
                    "resolved": "https://registry.npmjs.org/glob/-/glob-5.0.15.tgz",
                    "integrity": "sha1-G8k2ueAvSmA/zCIuz3Yz0wuLk7E=",
                    "dev": true,
                    "requires": {
                        "inflight": "1.0.6",
                        "inherits": "2.0.3",
                        "minimatch": "3.0.4",
                        "once": "1.4.0",
                        "path-is-absolute": "1.0.1"
                    }
                }
            }
        },
        "fs.realpath": {
            "version": "1.0.0",
            "resolved": "https://registry.npmjs.org/fs.realpath/-/fs.realpath-1.0.0.tgz",
            "integrity": "sha1-FQStJSMVjKpA20onh8sBQRmU6k8=",
            "dev": true
        },
        "glob": {
            "version": "7.1.2",
            "resolved": "https://registry.npmjs.org/glob/-/glob-7.1.2.tgz",
            "integrity": "sha512-MJTUg1kjuLeQCJ+ccE4Vpa6kKVXkPYJ2mOCQyUuKLcLQsdrMCpBPUi8qVE6+YuaJkozeA9NusTAw3hLr8Xe5EQ==",
            "dev": true,
            "requires": {
                "fs.realpath": "1.0.0",
                "inflight": "1.0.6",
                "inherits": "2.0.3",
                "minimatch": "3.0.4",
                "once": "1.4.0",
                "path-is-absolute": "1.0.1"
            }
        },
        "has-ansi": {
            "version": "0.1.0",
            "resolved": "https://registry.npmjs.org/has-ansi/-/has-ansi-0.1.0.tgz",
            "integrity": "sha1-hPJlqujA5qiKEtcCKJS3VoiUxi4=",
            "dev": true,
            "requires": {
                "ansi-regex": "0.2.1"
            }
        },
        "inflight": {
            "version": "1.0.6",
            "resolved": "https://registry.npmjs.org/inflight/-/inflight-1.0.6.tgz",
            "integrity": "sha1-Sb1jMdfQLQwJvJEKEHW6gWW1bfk=",
            "dev": true,
            "requires": {
                "once": "1.4.0",
                "wrappy": "1.0.2"
            }
        },
        "inherits": {
            "version": "2.0.3",
            "resolved": "https://registry.npmjs.org/inherits/-/inherits-2.0.3.tgz",
            "integrity": "sha1-Yzwsg+PaQqUC9SRmAiSA9CCCYd4=",
            "dev": true
        },
        "lodash": {
            "version": "4.17.4",
            "resolved": "https://registry.npmjs.org/lodash/-/lodash-4.17.4.tgz",
            "integrity": "sha1-eCA6TRwyiuHYbcpkYONptX9AVa4=",
            "dev": true
        },
        "lru-cache": {
            "version": "2.7.3",
            "resolved": "https://registry.npmjs.org/lru-cache/-/lru-cache-2.7.3.tgz",
            "integrity": "sha1-bUUk6LlV+V1PW1iFHOId1y+06VI=",
            "dev": true
        },
        "minimatch": {
            "version": "3.0.4",
            "resolved": "https://registry.npmjs.org/minimatch/-/minimatch-3.0.4.tgz",
            "integrity": "sha512-yJHVQEhyqPLUTgt9B83PXu6W3rx4MvvHvSUvToogpwoGDOUQ+yDrR0HRot+yOCdCO7u4hX3pWft6kWBBcqh0UA==",
            "dev": true,
            "requires": {
                "brace-expansion": "1.1.8"
            }
        },
        "minimist": {
            "version": "0.0.10",
            "resolved": "https://registry.npmjs.org/minimist/-/minimist-0.0.10.tgz",
            "integrity": "sha1-3j+YVD2/lggr5IrRoMfNqDYwHc8=",
            "dev": true
        },
        "moment": {
            "version": "2.20.1",
            "resolved": "https://registry.npmjs.org/moment/-/moment-2.20.1.tgz",
            "integrity": "sha512-Yh9y73JRljxW5QxN08Fner68eFLxM5ynNOAw2LbIB1YAGeQzZT8QFSUvkAz609Zf+IHhhaUxqZK8dG3W/+HEvg==",
            "dev": true
        },
        "once": {
            "version": "1.4.0",
            "resolved": "https://registry.npmjs.org/once/-/once-1.4.0.tgz",
            "integrity": "sha1-WDsap3WWHUsROsF9nFC6753Xa9E=",
            "dev": true,
            "requires": {
                "wrappy": "1.0.2"
            }
        },
        "optimist": {
            "version": "0.6.1",
            "resolved": "https://registry.npmjs.org/optimist/-/optimist-0.6.1.tgz",
            "integrity": "sha1-2j6nRob6IaGaERwybpDrFaAZZoY=",
            "dev": true,
            "requires": {
                "minimist": "0.0.10",
                "wordwrap": "0.0.3"
            }
        },
        "path-is-absolute": {
            "version": "1.0.1",
            "resolved": "https://registry.npmjs.org/path-is-absolute/-/path-is-absolute-1.0.1.tgz",
            "integrity": "sha1-F0uSaHNVNP+8es5r9TpanhtcX18=",
            "dev": true
        },
        "path-parse": {
            "version": "1.0.5",
            "resolved": "https://registry.npmjs.org/path-parse/-/path-parse-1.0.5.tgz",
            "integrity": "sha1-PBrfhx6pzWyUMbbqK9dKD/BVxME=",
            "dev": true
        },
        "resolve": {
            "version": "1.5.0",
            "resolved": "https://registry.npmjs.org/resolve/-/resolve-1.5.0.tgz",
            "integrity": "sha512-hgoSGrc3pjzAPHNBg+KnFcK2HwlHTs/YrAGUr6qgTVUZmXv1UEXXl0bZNBKMA9fud6lRYFdPGz0xXxycPzmmiw==",
            "dev": true,
            "requires": {
                "path-parse": "1.0.5"
            }
        },
        "rx": {
            "version": "2.3.24",
            "resolved": "https://registry.npmjs.org/rx/-/rx-2.3.24.tgz",
            "integrity": "sha1-FPlQpCF9fjXapxu8vljv9o6ksrc=",
            "dev": true
        },
        "rxjs": {
            "version": "5.5.6",
            "resolved": "https://registry.npmjs.org/rxjs/-/rxjs-5.5.6.tgz",
            "integrity": "sha512-v4Q5HDC0FHAQ7zcBX7T2IL6O5ltl1a2GX4ENjPXg6SjDY69Cmx9v4113C99a4wGF16ClPv5Z8mghuYorVkg/kg==",
            "requires": {
                "symbol-observable": "1.0.1"
            }
        },
        "sprintf-js": {
            "version": "1.1.1",
            "resolved": "https://registry.npmjs.org/sprintf-js/-/sprintf-js-1.1.1.tgz",
            "integrity": "sha1-Nr54Mgr+WAH2zqPueLblqrlA6gw=",
            "dev": true
        },
        "strip-ansi": {
            "version": "0.3.0",
            "resolved": "https://registry.npmjs.org/strip-ansi/-/strip-ansi-0.3.0.tgz",
            "integrity": "sha1-JfSOoiynkYfzF0pNuHWTR7sSYiA=",
            "dev": true,
            "requires": {
                "ansi-regex": "0.2.1"
            }
        },
        "supports-color": {
            "version": "0.2.0",
            "resolved": "https://registry.npmjs.org/supports-color/-/supports-color-0.2.0.tgz",
            "integrity": "sha1-2S3iaU6z9nMjlz1649i1W0wiGQo=",
            "dev": true
        },
        "symbol-observable": {
            "version": "1.0.1",
            "resolved": "https://registry.npmjs.org/symbol-observable/-/symbol-observable-1.0.1.tgz",
            "integrity": "sha1-g0D8RwLDEi310iKI+IKD9RPT/dQ="
        },
        "systemjs": {
            "version": "0.19.27",
            "resolved": "https://registry.npmjs.org/systemjs/-/systemjs-0.19.27.tgz",
            "integrity": "sha1-8XQNVlzmQ3GsDecHKk0eVHG6e6I=",
            "requires": {
                "when": "3.7.8"
            }
        },
        "tslerp": {
            "version": "2.0.0",
            "resolved": "https://registry.npmjs.org/tslerp/-/tslerp-2.0.0.tgz",
            "integrity": "sha512-vzXNbZ3WTMAjNnR5KiUT6Pp7FwKA0PvFPl+FzuUeVBP9YC6EypsZN35v++b2tCUt7sTI4xqD0wS6rK3qloL0/g==",
            "requires": {
                "core-js": "2.5.3",
                "systemjs": "0.19.27"
            }
        },
        "tslib": {
            "version": "1.9.0",
            "resolved": "https://registry.npmjs.org/tslib/-/tslib-1.9.0.tgz",
            "integrity": "sha512-f/qGG2tUkrISBlQZEjEqoZ3B2+npJjIf04H1wuAv9iA8i04Icp+61KRXxFdha22670NJopsZCIjhC3SnjPRKrQ=="
        },
        "tslint": {
            "version": "3.15.1",
            "resolved": "https://registry.npmjs.org/tslint/-/tslint-3.15.1.tgz",
            "integrity": "sha1-2hZcqT2P3CwIa1EWXuG6y0jJjqU=",
            "dev": true,
            "requires": {
                "colors": "1.1.2",
                "diff": "2.2.3",
                "findup-sync": "0.3.0",
                "glob": "7.1.2",
                "optimist": "0.6.1",
                "resolve": "1.5.0",
                "underscore.string": "3.3.4"
            }
        },
        "typescript": {
            "version": "2.7.1",
            "resolved": "https://registry.npmjs.org/typescript/-/typescript-2.7.1.tgz",
            "integrity": "sha512-bqB1yS6o9TNA9ZC/MJxM0FZzPnZdtHj0xWK/IZ5khzVqdpGul/R/EIiHRgFXlwTD7PSIaYVnGKq1QgMCu2mnqw==",
            "dev": true
        },
        "underscore.string": {
            "version": "3.3.4",
            "resolved": "https://registry.npmjs.org/underscore.string/-/underscore.string-3.3.4.tgz",
            "integrity": "sha1-LCo/n4PmR2L9xF5s6sZRQoZCE9s=",
            "dev": true,
            "requires": {
                "sprintf-js": "1.1.1",
                "util-deprecate": "1.0.2"
            }
        },
        "util-deprecate": {
            "version": "1.0.2",
            "resolved": "https://registry.npmjs.org/util-deprecate/-/util-deprecate-1.0.2.tgz",
            "integrity": "sha1-RQ1Nyfpw3nMnYvvS1KKJgUGaDM8=",
            "dev": true
        },
        "when": {
            "version": "3.7.8",
            "resolved": "https://registry.npmjs.org/when/-/when-3.7.8.tgz",
            "integrity": "sha1-xxMLan6gRpPoQs3J56Hyqjmjn4I="
        },
        "wordwrap": {
            "version": "0.0.3",
            "resolved": "https://registry.npmjs.org/wordwrap/-/wordwrap-0.0.3.tgz",
            "integrity": "sha1-o9XabNXAvAAI03I0u68b7WMFkQc=",
            "dev": true
        },
        "wrappy": {
            "version": "1.0.2",
            "resolved": "https://registry.npmjs.org/wrappy/-/wrappy-1.0.2.tgz",
            "integrity": "sha1-tSQ9jz7BqjXxNkYFvA0QNuMKtp8=",
            "dev": true
        },
        "zone.js": {
            "version": "0.8.20",
            "resolved": "https://registry.npmjs.org/zone.js/-/zone.js-0.8.20.tgz",
            "integrity": "sha512-FXlA37ErSXCMy5RNBcGFgCI/Zivqzr0D19GuvDxhcYIJc7xkFp6c29DKyODJu0Zo+EMyur/WPPgcBh1EHjB9jA=="
        }
    }
}
